
Microsoft Visual Studio Solution File, Format Version 12.00
# Visual Studio Version 17
VisualStudioVersion = 17.4.33403.182
MinimumVisualStudioVersion = 10.0.40219.1
Project("{9A19103F-16F7-4668-BE54-9A1E7A4F7556}") = "Minefield.UI", "Minefield.UI\Minefield.UI.csproj", "{3DC50131-4501-4E67-817C-5146F9CBF410}"
EndProject
Project("{9A19103F-16F7-4668-BE54-9A1E7A4F7556}") = "Minefield.Core", "Minefield.Core\Minefield.Core.csproj", "{87C2CF3C-3DB3-486E-8724-41F22DE1D835}"
EndProject
Project("{9A19103F-16F7-4668-BE54-9A1E7A4F7556}") = "Minefield.Core.Tests", "Minefield.Core.Tests\Minefield.Core.Tests.csproj", "{631B8CDE-2D5A-48B2-A5FA-DB456CB83194}"
EndProject
Project("{9A19103F-16F7-4668-BE54-9A1E7A4F7556}") = "Minefield.Domain", "Minefield.Domain\Minefield.Domain.csproj", "{71499DF7-6195-4F2F-A713-D4565A256504}"
EndProject
Project("{9A19103F-16F7-4668-BE54-9A1E7A4F7556}") = "Minefield.Domain.Tests", "Minefield.Domain.Tests\Minefield.Domain.Tests.csproj", "{13A97756-3E4F-494D-836F-6546D4C78171}"
EndProject
Global
	GlobalSection(SolutionConfigurationPlatforms) = preSolution
		Debug|Any CPU = Debug|Any CPU
		Release|Any CPU = Release|Any CPU
	EndGlobalSection
	GlobalSection(ProjectConfigurationPlatforms) = postSolution
		{3DC50131-4501-4E67-817C-5146F9CBF410}.Debug|Any CPU.ActiveCfg = Debug|Any CPU
		{3DC50131-4501-4E67-817C-5146F9CBF410}.Debug|Any CPU.Build.0 = Debug|Any CPU
		{3DC50131-4501-4E67-817C-5146F9CBF410}.Release|Any CPU.ActiveCfg = Release|Any CPU
		{3DC50131-4501-4E67-817C-5146F9CBF410}.Release|Any CPU.Build.0 = Release|Any CPU
		{87C2CF3C-3DB3-486E-8724-41F22DE1D835}.Debug|Any CPU.ActiveCfg = Debug|Any CPU
		{87C2CF3C-3DB3-486E-8724-41F22DE1D835}.Debug|Any CPU.Build.0 = Debug|Any CPU
		{87C2CF3C-3DB3-486E-8724-41F22DE1D835}.Release|Any CPU.ActiveCfg = Release|Any CPU
		{87C2CF3C-3DB3-486E-8724-41F22DE1D835}.Release|Any CPU.Build.0 = Release|Any CPU
		{631B8CDE-2D5A-48B2-A5FA-DB456CB83194}.Debug|Any CPU.ActiveCfg = Debug|Any CPU
		{631B8CDE-2D5A-48B2-A5FA-DB456CB83194}.Debug|Any CPU.Build.0 = Debug|Any CPU
		{631B8CDE-2D5A-48B2-A5FA-DB456CB83194}.Release|Any CPU.ActiveCfg = Release|Any CPU
		{631B8CDE-2D5A-48B2-A5FA-DB456CB83194}.Release|Any CPU.Build.0 = Release|Any CPU
		{71499DF7-6195-4F2F-A713-D4565A256504}.Debug|Any CPU.ActiveCfg = Debug|Any CPU
		{71499DF7-6195-4F2F-A713-D4565A256504}.Debug|Any CPU.Build.0 = Debug|Any CPU
		{71499DF7-6195-4F2F-A713-D4565A256504}.Release|Any CPU.ActiveCfg = Release|Any CPU
		{71499DF7-6195-4F2F-A713-D4565A256504}.Release|Any CPU.Build.0 = Release|Any CPU
		{13A97756-3E4F-494D-836F-6546D4C78171}.Debug|Any CPU.ActiveCfg = Debug|Any CPU
		{13A97756-3E4F-494D-836F-6546D4C78171}.Debug|Any CPU.Build.0 = Debug|Any CPU
		{13A97756-3E4F-494D-836F-6546D4C78171}.Release|Any CPU.ActiveCfg = Release|Any CPU
		{13A97756-3E4F-494D-836F-6546D4C78171}.Release|Any CPU.Build.0 = Release|Any CPU
	EndGlobalSection
	GlobalSection(SolutionProperties) = preSolution
		HideSolutionNode = FALSE
	EndGlobalSection
	GlobalSection(ExtensibilityGlobals) = postSolution
		SolutionGuid = {DA5B8CBA-DBF7-4126-8AFA-A1FBB7BD62EE}
	EndGlobalSection
EndGlobal
